# THIS IS AN AUTOGENERATED FILE. DO NOT EDIT THIS FILE DIRECTLY.
# yarn lockfile v1


"@emotion/hash@^0.6.2":
  version "0.6.6"
  resolved "https://registry.yarnpkg.com/@emotion/hash/-/hash-0.6.6.tgz#62266c5f0eac6941fece302abad69f2ee7e25e44"
  integrity sha512-ojhgxzUHZ7am3D2jHkMzPpsBAiB005GF5YU4ea+8DNPybMk01JJUM9V9YRlF/GE95tcOm8DxQvWA2jq19bGalQ==

"@emotion/is-prop-valid@^0.6.1":
  version "0.6.8"
  resolved "https://registry.yarnpkg.com/@emotion/is-prop-valid/-/is-prop-valid-0.6.8.tgz#68ad02831da41213a2089d2cab4e8ac8b30cbd85"
  integrity sha512-IMSL7ekYhmFlILXcouA6ket3vV7u9BqStlXzbKOF9HBtpUPMMlHU+bBxrLOa2NvleVwNIxeq/zL8LafLbeUXcA==
  dependencies:
    "@emotion/memoize" "^0.6.6"

"@emotion/memoize@^0.6.1", "@emotion/memoize@^0.6.6":
  version "0.6.6"
  resolved "https://registry.yarnpkg.com/@emotion/memoize/-/memoize-0.6.6.tgz#004b98298d04c7ca3b4f50ca2035d4f60d2eed1b"
  integrity sha512-h4t4jFjtm1YV7UirAFuSuFGyLa+NNxjdkq6DpFLANNQY5rHueFZHVY+8Cu1HYVP6DrheB0kv4m5xPjo7eKT7yQ==

"@emotion/stylis@^0.7.0":
  version "0.7.1"
  resolved "https://registry.yarnpkg.com/@emotion/stylis/-/stylis-0.7.1.tgz#50f63225e712d99e2b2b39c19c70fff023793ca5"
  integrity sha512-/SLmSIkN13M//53TtNxgxo57mcJk/UJIDFRKwOiLIBEyBHEcipgR6hNMQ/59Sl4VjCJ0Z/3zeAZyvnSLPG/1HQ==

"@emotion/unitless@^0.6.2":
  version "0.6.7"
  resolved "https://registry.yarnpkg.com/@emotion/unitless/-/unitless-0.6.7.tgz#53e9f1892f725b194d5e6a1684a7b394df592397"
  integrity sha512-Arj1hncvEVqQ2p7Ega08uHLr1JuRYBuO5cIvcA+WWEQ5+VmkOE3ZXzl04NbQxeQpWX78G7u6MqxKuNX3wvYZxg==

"@typeform/embed@^0.6.1":
  version "0.6.1"
  resolved "https://registry.yarnpkg.com/@typeform/embed/-/embed-0.6.1.tgz#ee679c7d086324af11b4a024d760d04ef5634148"
  integrity sha512-oDoQsOdpNpoJR/c4+DIO99r26QSx9JC8PMGXA2j1CJ/8HRzYifjCd24DBxy3r1jLCkvcLAo2ws5D1aWjHzOK1w==
  dependencies:
    classnames "^2.2.5"
    create-emotion "^9.0.2"
    create-emotion-styled "^9.0.1"
    custom-event "^1.0.1"
    fetch-jsonp "^1.0.6"
    is-url "^1.2.2"
    preact "^8.2.7"
    preact-compat "^3.15.0"
    prop-types "^15.5.10"
    scrollbar-width "^3.1.1"
    spin.js "^2.3.2"
    tinycolor2 "^1.4.1"
    url-parse "^1.1.7"
    webfontloader "^1.6.27"

classnames@^2.2.5:
  version "2.2.6"
  resolved "https://registry.yarnpkg.com/classnames/-/classnames-2.2.6.tgz#43935bffdd291f326dad0a205309b38d00f650ce"
  integrity sha512-JR/iSQOSt+LQIWwrwEzJ9uk0xfN3mTVYMwt1Ir5mUcSN6pU+V4zQFFaJsclJbPuAUQH+yfWef6tm7l1quW3C8Q==

create-emotion-styled@^9.0.1:
  version "9.2.8"
  resolved "https://registry.yarnpkg.com/create-emotion-styled/-/create-emotion-styled-9.2.8.tgz#c0050e768ba439609bec108600467adf2de67cc3"
  integrity sha512-2LrNM5MREWzI5hZK+LyiBHglwE18WE3AEbBQgpHQ1+zmyLSm/dJsUZBeFAwuIMb+TjNZP0KsMZlV776ufOtFdg==
  dependencies:
    "@emotion/is-prop-valid" "^0.6.1"

create-emotion@^9.0.2:
  version "9.2.12"
  resolved "https://registry.yarnpkg.com/create-emotion/-/create-emotion-9.2.12.tgz#0fc8e7f92c4f8bb924b0fef6781f66b1d07cb26f"
  integrity sha512-P57uOF9NL2y98Xrbl2OuiDQUZ30GVmASsv5fbsjF4Hlraip2kyAvMm+2PoYUvFFw03Fhgtxk3RqZSm2/qHL9hA==
  dependencies:
    "@emotion/hash" "^0.6.2"
    "@emotion/memoize" "^0.6.1"
    "@emotion/stylis" "^0.7.0"
    "@emotion/unitless" "^0.6.2"
    csstype "^2.5.2"
    stylis "^3.5.0"
    stylis-rule-sheet "^0.0.10"

csstype@^2.5.2:
  version "2.6.1"
  resolved "https://registry.yarnpkg.com/csstype/-/csstype-2.6.1.tgz#4cfbf637a577497036ebcd7e32647ef19a0b8076"
  integrity sha512-wv7IRqCGsL7WGKB8gPvrl+++HlFM9kxAM6jL1EXNPNTshEJYilMkbfS2SnuHha77uosp/YVK0wAp2jmlBzn1tg==

custom-event@^1.0.1:
  version "1.0.1"
  resolved "https://registry.yarnpkg.com/custom-event/-/custom-event-1.0.1.tgz#5d02a46850adf1b4a317946a3928fccb5bfd0425"
  integrity sha1-XQKkaFCt8bSjF5RqOSj8y1v9BCU=

dotenv@^6.2.0:
  version "6.2.0"
  resolved "https://registry.yarnpkg.com/dotenv/-/dotenv-6.2.0.tgz#941c0410535d942c8becf28d3f357dbd9d476064"
  integrity sha512-HygQCKUBSFl8wKQZBSemMywRWcEDNidvNbjGVyZu3nbZ8qq9ubiPoGLMdRDpfSrpkkm9BXYFkpKxxFX38o/76w==

fetch-jsonp@^1.0.6:
  version "1.1.3"
  resolved "https://registry.yarnpkg.com/fetch-jsonp/-/fetch-jsonp-1.1.3.tgz#9eb9e585ba08aaf700563538d17bbebbcd5a3db2"
  integrity sha1-nrnlhboIqvcAVjU40Xu+u81aPbI=

immutability-helper@^2.7.1:
  version "2.9.1"
  resolved "https://registry.yarnpkg.com/immutability-helper/-/immutability-helper-2.9.1.tgz#71c423ba387e67b6c6ceba0650572f2a2a6727df"
  integrity sha512-r/RmRG8xO06s/k+PIaif2r5rGc3j4Yhc01jSBfwPCXDLYZwp/yxralI37Df1mwmuzcCsen/E/ITKcTEvc1PQmQ==
  dependencies:
    invariant "^2.2.0"

invariant@^2.2.0:
  version "2.2.4"
  resolved "https://registry.yarnpkg.com/invariant/-/invariant-2.2.4.tgz#610f3c92c9359ce1db616e538008d23ff35158e6"
  integrity sha512-phJfQVBuaJM5raOpJjSfkiD6BpbCE4Ns//LaXl6wGYtUBY83nWS6Rf9tXm2e8VaK60JEjYldbPif/A2B1C2gNA==
  dependencies:
    loose-envify "^1.0.0"

is-url@^1.2.2:
  version "1.2.4"
  resolved "https://registry.yarnpkg.com/is-url/-/is-url-1.2.4.tgz#04a4df46d28c4cff3d73d01ff06abeb318a1aa52"
  integrity sha512-ITvGim8FhRiYe4IQ5uHSkj7pVaPDrCTkNd3yq3cV7iZAcJdHTUMPMEHcqSOy9xZ9qFenQCvi+2wjH9a1nXqHww==

"js-tokens@^3.0.0 || ^4.0.0":
  version "4.0.0"
  resolved "https://registry.yarnpkg.com/js-tokens/-/js-tokens-4.0.0.tgz#19203fb59991df98e3a287050d4647cdeaf32499"
  integrity sha512-RdJUflcE3cUzKiMqQgsCu06FPu9UdIJO0beYbPhHN4k6apgJtifcoCtT9bcxOpYBtpD2kCM6Sbzg4CausW/PKQ==

loose-envify@^1.0.0, loose-envify@^1.3.1:
  version "1.4.0"
  resolved "https://registry.yarnpkg.com/loose-envify/-/loose-envify-1.4.0.tgz#71ee51fa7be4caec1a63839f7e682d8132d30caf"
  integrity sha512-lyuxPGr/Wfhrlem2CL/UcnUc1zcqKAImBDzukY7Y5F/yQiNdko6+fRLevlw1HgMySw7f611UIY408EtxRSoK3Q==
  dependencies:
    js-tokens "^3.0.0 || ^4.0.0"

object-assign@^4.1.1:
  version "4.1.1"
  resolved "https://registry.yarnpkg.com/object-assign/-/object-assign-4.1.1.tgz#2109adc7965887cfc05cbbd442cac8bfbb360863"
  integrity sha1-IQmtx5ZYh8/AXLvUQsrIv7s2CGM=

preact-compat@^3.15.0:
  version "3.18.4"
  resolved "https://registry.yarnpkg.com/preact-compat/-/preact-compat-3.18.4.tgz#fbe76ddd30356c68e3ccde608107104946f2cf8d"
  integrity sha512-aR5CvCIDerE2Y201ERVkWQdTAQKhKGNYujEk4tbyfQDInFTrnCCa3KCeGtULZrwy0PNRBjdQa2/Za7qv7ALNFg==
  dependencies:
    immutability-helper "^2.7.1"
    preact-render-to-string "^3.8.2"
    preact-transition-group "^1.1.1"
    prop-types "^15.6.2"
    standalone-react-addons-pure-render-mixin "^0.1.1"

preact-render-to-string@^3.8.2:
  version "3.8.2"
  resolved "https://registry.yarnpkg.com/preact-render-to-string/-/preact-render-to-string-3.8.2.tgz#bd72964d705a57da3a9e72098acaa073dd3ceff9"
  integrity sha512-przuZPajiurStGgxMoJP0EJeC4xj5CgHv+M7GfF3YxAdhGgEWAkhOSE0xympAFN20uMayntBZpttIZqqLl77fw==
  dependencies:
    pretty-format "^3.5.1"

preact-transition-group@^1.1.1:
  version "1.1.1"
  resolved "https://registry.yarnpkg.com/preact-transition-group/-/preact-transition-group-1.1.1.tgz#f0a49327ea515ece34ea2be864c4a7d29e5d6e10"
  integrity sha1-8KSTJ+pRXs406ivoZMSn0p5dbhA=

preact@^8.2.7:
  version "8.4.2"
  resolved "https://registry.yarnpkg.com/preact/-/preact-8.4.2.tgz#1263b974a17d1ea80b66590e41ef786ced5d6a23"
  integrity sha512-TsINETWiisfB6RTk0wh3/mvxbGRvx+ljeBccZ4Z6MPFKgu/KFGyf2Bmw3Z/jlXhL5JlNKY6QAbA9PVyzIy9//A==

pretty-format@^3.5.1:
  version "3.8.0"
  resolved "https://registry.yarnpkg.com/pretty-format/-/pretty-format-3.8.0.tgz#bfbed56d5e9a776645f4b1ff7aa1a3ac4fa3c385"
  integrity sha1-v77VbV6ad2ZF9LH/eqGjrE+jw4U=

prop-types@^15.5.10, prop-types@^15.6.2:
  version "15.6.2"
  resolved "https://registry.yarnpkg.com/prop-types/-/prop-types-15.6.2.tgz#05d5ca77b4453e985d60fc7ff8c859094a497102"
  integrity sha512-3pboPvLiWD7dkI3qf3KbUe6hKFKa52w+AE0VCqECtf+QHAKgOL37tTaNCnuX1nAAQ4ZhyP+kYVKf8rLmJ/feDQ==
  dependencies:
    loose-envify "^1.3.1"
    object-assign "^4.1.1"

querystringify@^2.0.0:
  version "2.1.0"
  resolved "https://registry.yarnpkg.com/querystringify/-/querystringify-2.1.0.tgz#7ded8dfbf7879dcc60d0a644ac6754b283ad17ef"
  integrity sha512-sluvZZ1YiTLD5jsqZcDmFyV2EwToyXZBfpoVOmktMmW+VEnhgakFHnasVph65fOjGPTWN0Nw3+XQaSeMayr0kg==

react-typeform-embed@^0.2.0:
  version "0.2.0"
  resolved "https://registry.yarnpkg.com/react-typeform-embed/-/react-typeform-embed-0.2.0.tgz#ecc6a06f97ebf910296e9fccaa24081502a97e78"
  integrity sha512-B/7zmExni6If3xwoX3nA6e6edLk5sNDa0DksI+r0gmdzr2QvkKNwXhrH4Icl/pYxr49odriLELjJWGKsck3nkQ==
  dependencies:
    "@typeform/embed" "^0.6.1"

requires-port@^1.0.0:
  version "1.0.0"
  resolved "https://registry.yarnpkg.com/requires-port/-/requires-port-1.0.0.tgz#925d2601d39ac485e091cf0da5c6e694dc3dcaff"
  integrity sha1-kl0mAdOaxIXgkc8NpcbmlNw9yv8=

scrollbar-width@^3.1.1:
  version "3.1.1"
  resolved "https://registry.yarnpkg.com/scrollbar-width/-/scrollbar-width-3.1.1.tgz#c62e63efa5934dac37b43da34f7550caca8444a2"
  integrity sha1-xi5j76WTTaw3tD2jT3VQysqERKI=

spin.js@^2.3.2:
  version "2.3.2"
  resolved "https://registry.yarnpkg.com/spin.js/-/spin.js-2.3.2.tgz#6caa56d520673450fd5cfbc6971e6d0772c37a1a"
  integrity sha1-bKpW1SBnNFD9XPvGlx5tB3LDeho=

standalone-react-addons-pure-render-mixin@^0.1.1:
  version "0.1.1"
  resolved "https://registry.yarnpkg.com/standalone-react-addons-pure-render-mixin/-/standalone-react-addons-pure-render-mixin-0.1.1.tgz#3c7409f4c79c40de9ac72c616cf679a994f37551"
  integrity sha1-PHQJ9MecQN6axyxhbPZ5qZTzdVE=

stylis-rule-sheet@^0.0.10:
  version "0.0.10"
  resolved "https://registry.yarnpkg.com/stylis-rule-sheet/-/stylis-rule-sheet-0.0.10.tgz#44e64a2b076643f4b52e5ff71efc04d8c3c4a430"
  integrity sha512-nTbZoaqoBnmK+ptANthb10ZRZOGC+EmTLLUxeYIuHNkEKcmKgXX1XWKkUBT2Ac4es3NybooPe0SmvKdhKJZAuw==

stylis@^3.5.0:
  version "3.5.4"
  resolved "https://registry.yarnpkg.com/stylis/-/stylis-3.5.4.tgz#f665f25f5e299cf3d64654ab949a57c768b73fbe"
  integrity sha512-8/3pSmthWM7lsPBKv7NXkzn2Uc9W7NotcwGNpJaa3k7WMM1XDCA4MgT5k/8BIexd5ydZdboXtU90XH9Ec4Bv/Q==

tinycolor2@^1.4.1:
  version "1.4.1"
  resolved "https://registry.yarnpkg.com/tinycolor2/-/tinycolor2-1.4.1.tgz#f4fad333447bc0b07d4dc8e9209d8f39a8ac77e8"
  integrity sha1-9PrTM0R7wLB9TcjpIJ2POaisd+g=

url-parse@^1.1.7:
  version "1.4.4"
  resolved "https://registry.yarnpkg.com/url-parse/-/url-parse-1.4.4.tgz#cac1556e95faa0303691fec5cf9d5a1bc34648f8"
  integrity sha512-/92DTTorg4JjktLNLe6GPS2/RvAd/RGr6LuktmWSMLEOa6rjnlrFXNgSbSmkNvCoL2T028A0a1JaJLzRMlFoHg==
  dependencies:
    querystringify "^2.0.0"
    requires-port "^1.0.0"

webfontloader@^1.6.27:
  version "1.6.28"
  resolved "https://registry.yarnpkg.com/webfontloader/-/webfontloader-1.6.28.tgz#db786129253cb6e8eae54c2fb05f870af6675bae"
  integrity sha1-23hhKSU8tujq5UwvsF+HCvZnW64=
